
Microsoft Visual Studio Solution File, Format Version 12.00
# Visual Studio Version 17
VisualStudioVersion = 17.4.33213.308
MinimumVisualStudioVersion = 10.0.40219.1
Project("{FAE04EC0-301F-11D3-BF4B-00C04F79EFBC}") = "Server", "Server\Server.csproj", "{AF5FA1AB-F4F1-4E4D-BBE0-D2EE5F328C57}"
EndProject
Project("{FAE04EC0-301F-11D3-BF4B-00C04F79EFBC}") = "Client", "Client\Client.csproj", "{E2FCF040-9BF4-4782-A804-8E179BCC2C93}"
EndProject
Project("{FAE04EC0-301F-11D3-BF4B-00C04F79EFBC}") = "Common", "Common\Common.csproj", "{7484FC16-4C37-47F8-AD2A-556D0EC35712}"
EndProject
Project("{FAE04EC0-301F-11D3-BF4B-00C04F79EFBC}") = "Repository", "Repository\Repository.csproj", "{1546661D-3027-4D3C-B05E-34565F96E472}"
EndProject
Project("{FAE04EC0-301F-11D3-BF4B-00C04F79EFBC}") = "SystemOperations", "SystemOperations\SystemOperations.csproj", "{01CA538E-7425-41D3-88F2-95B8E92B7F25}"
EndProject
Global
	GlobalSection(SolutionConfigurationPlatforms) = preSolution
		Debug|Any CPU = Debug|Any CPU
		Release|Any CPU = Release|Any CPU
	EndGlobalSection
	GlobalSection(ProjectConfigurationPlatforms) = postSolution
		{AF5FA1AB-F4F1-4E4D-BBE0-D2EE5F328C57}.Debug|Any CPU.ActiveCfg = Debug|Any CPU
		{AF5FA1AB-F4F1-4E4D-BBE0-D2EE5F328C57}.Debug|Any CPU.Build.0 = Debug|Any CPU
		{AF5FA1AB-F4F1-4E4D-BBE0-D2EE5F328C57}.Release|Any CPU.ActiveCfg = Release|Any CPU
		{AF5FA1AB-F4F1-4E4D-BBE0-D2EE5F328C57}.Release|Any CPU.Build.0 = Release|Any CPU
		{E2FCF040-9BF4-4782-A804-8E179BCC2C93}.Debug|Any CPU.ActiveCfg = Debug|Any CPU
		{E2FCF040-9BF4-4782-A804-8E179BCC2C93}.Debug|Any CPU.Build.0 = Debug|Any CPU
		{E2FCF040-9BF4-4782-A804-8E179BCC2C93}.Release|Any CPU.ActiveCfg = Release|Any CPU
		{E2FCF040-9BF4-4782-A804-8E179BCC2C93}.Release|Any CPU.Build.0 = Release|Any CPU
		{7484FC16-4C37-47F8-AD2A-556D0EC35712}.Debug|Any CPU.ActiveCfg = Debug|Any CPU
		{7484FC16-4C37-47F8-AD2A-556D0EC35712}.Debug|Any CPU.Build.0 = Debug|Any CPU
		{7484FC16-4C37-47F8-AD2A-556D0EC35712}.Release|Any CPU.ActiveCfg = Release|Any CPU
		{7484FC16-4C37-47F8-AD2A-556D0EC35712}.Release|Any CPU.Build.0 = Release|Any CPU
		{1546661D-3027-4D3C-B05E-34565F96E472}.Debug|Any CPU.ActiveCfg = Debug|Any CPU
		{1546661D-3027-4D3C-B05E-34565F96E472}.Debug|Any CPU.Build.0 = Debug|Any CPU
		{1546661D-3027-4D3C-B05E-34565F96E472}.Release|Any CPU.ActiveCfg = Release|Any CPU
		{1546661D-3027-4D3C-B05E-34565F96E472}.Release|Any CPU.Build.0 = Release|Any CPU
		{01CA538E-7425-41D3-88F2-95B8E92B7F25}.Debug|Any CPU.ActiveCfg = Debug|Any CPU
		{01CA538E-7425-41D3-88F2-95B8E92B7F25}.Debug|Any CPU.Build.0 = Debug|Any CPU
		{01CA538E-7425-41D3-88F2-95B8E92B7F25}.Release|Any CPU.ActiveCfg = Release|Any CPU
		{01CA538E-7425-41D3-88F2-95B8E92B7F25}.Release|Any CPU.Build.0 = Release|Any CPU
	EndGlobalSection
	GlobalSection(SolutionProperties) = preSolution
		HideSolutionNode = FALSE
	EndGlobalSection
	GlobalSection(ExtensibilityGlobals) = postSolution
		SolutionGuid = {209ED1BA-4FB6-45B6-8E36-B890E3A0BF62}
	EndGlobalSection
EndGlobal
